// !$*UTF8*$!
{
	archiveVersion = 1;
	classes = {
	};
	objectVersion = 50;
	objects = {

/* Begin PBXBuildFile section */
		8622ACCC2394EA47006BA566 /* Holiday.swift in Sources */ = {isa = PBXBuildFile; fileRef = 8622ACCB2394EA47006BA566 /* Holiday.swift */; };
		8650ABA823928B12005FA9ED /* AppDelegate.swift in Sources */ = {isa = PBXBuildFile; fileRef = 8650ABA723928B12005FA9ED /* AppDelegate.swift */; };
		8650ABAA23928B12005FA9ED /* SceneDelegate.swift in Sources */ = {isa = PBXBuildFile; fileRef = 8650ABA923928B12005FA9ED /* SceneDelegate.swift */; };
		8650ABAC23928B12005FA9ED /* ViewController.swift in Sources */ = {isa = PBXBuildFile; fileRef = 8650ABAB23928B12005FA9ED /* ViewController.swift */; };
		8650ABAF23928B12005FA9ED /* Main.storyboard in Resources */ = {isa = PBXBuildFile; fileRef = 8650ABAD23928B12005FA9ED /* Main.storyboard */; };
		8650ABB123928B19005FA9ED /* Assets.xcassets in Resources */ = {isa = PBXBuildFile; fileRef = 8650ABB023928B19005FA9ED /* Assets.xcassets */; };
		8650ABB423928B19005FA9ED /* LaunchScreen.storyboard in Resources */ = {isa = PBXBuildFile; fileRef = 8650ABB223928B19005FA9ED /* LaunchScreen.storyboard */; };
		86CB2BAC23962EB400BDCC04 /* HolidayRequest.swift in Sources */ = {isa = PBXBuildFile; fileRef = 86CB2BAB23962EB400BDCC04 /* HolidayRequest.swift */; };
/* End PBXBuildFile section */

/* Begin PBXFileReference section */
		8622ACCB2394EA47006BA566 /* Holiday.swift */ = {isa = PBXFileReference; lastKnownFileType = sourcecode.swift; path = Holiday.swift; sourceTree = "<group>"; };
		8650ABA423928B12005FA9ED /* HolidayApiCall.app */ = {isa = PBXFileReference; explicitFileType = wrapper.application; includeInIndex = 0; path = HolidayApiCall.app; sourceTree = BUILT_PRODUCTS_DIR; };
		8650ABA723928B12005FA9ED /* AppDelegate.swift */ = {isa = PBXFileReference; lastKnownFileType = sourcecode.swift; path = AppDelegate.swift; sourceTree = "<group>"; };
		8650ABA923928B12005FA9ED /* SceneDelegate.swift */ = {isa = PBXFileReference; lastKnownFileType = sourcecode.swift; path = SceneDelegate.swift; sourceTree = "<group>"; };
		8650ABAB23928B12005FA9ED /* ViewController.swift */ = {isa = PBXFileReference; lastKnownFileType = sourcecode.swift; path = ViewController.swift; sourceTree = "<group>"; };
		8650ABAE23928B12005FA9ED /* Base */ = {isa = PBXFileReference; lastKnownFileType = file.storyboard; name = Base; path = Base.lproj/Main.storyboard; sourceTree = "<group>"; };
		8650ABB023928B19005FA9ED /* Assets.xcassets */ = {isa = PBXFileReference; lastKnownFileType = folder.assetcatalog; path = Assets.xcassets; sourceTree = "<group>"; };
		8650ABB323928B19005FA9ED /* Base */ = {isa = PBXFileReference; lastKnownFileType = file.storyboard; name = Base; path = Base.lproj/LaunchScreen.storyboard; sourceTree = "<group>"; };
		8650ABB523928B19005FA9ED /* Info.plist */ = {isa = PBXFileReference; lastKnownFileType = text.plist.xml; path = Info.plist; sourceTree = "<group>"; };
		86CB2BAB23962EB400BDCC04 /* HolidayRequest.swift */ = {isa = PBXFileReference; lastKnownFileType = sourcecode.swift; path = HolidayRequest.swift; sourceTree = "<group>"; };
/* End PBXFileReference section */

/* Begin PBXFrameworksBuildPhase section */
		8650ABA123928B12005FA9ED /* Frameworks */ = {
			isa = PBXFrameworksBuildPhase;
			buildActionMask = 2147483647;
			files = (
			);
			runOnlyForDeploymentPostprocessing = 0;
		};
/* End PBXFrameworksBuildPhase section */

/* Begin PBXGroup section */
		8650AB9B23928B12005FA9ED = {
			isa = PBXGroup;
			children = (
				8650ABA623928B12005FA9ED /* HolidayApiCall */,
				8650ABA523928B12005FA9ED /* Products */,
			);
			sourceTree = "<group>";
		};
		8650ABA523928B12005FA9ED /* Products */ = {
			isa = PBXGroup;
			children = (
				8650ABA423928B12005FA9ED /* HolidayApiCall.app */,
			);
			name = Products;
			sourceTree = "<group>";
		};
		8650ABA623928B12005FA9ED /* HolidayApiCall */ = {
			isa = PBXGroup;
			children = (
				8650ABA723928B12005FA9ED /* AppDelegate.swift */,
				8650ABA923928B12005FA9ED /* SceneDelegate.swift */,
				8650ABAB23928B12005FA9ED /* ViewController.swift */,
				8650ABAD23928B12005FA9ED /* Main.storyboard */,
				8650ABB023928B19005FA9ED /* Assets.xcassets */,
				8650ABB223928B19005FA9ED /* LaunchScreen.storyboard */,
				8650ABB523928B19005FA9ED /* Info.plist */,
				8622ACCB2394EA47006BA566 /* Holiday.swift */,
				86CB2BAB23962EB400BDCC04 /* HolidayRequest.swift */,
			);
			path = HolidayApiCall;
			sourceTree = "<group>";
		};
/* End PBXGroup section */

/* Begin PBXNativeTarget section */
		8650ABA323928B12005FA9ED /* HolidayApiCall */ = {
			isa = PBXNativeTarget;
			buildConfigurationList = 8650ABB823928B19005FA9ED /* Build configuration list for PBXNativeTarget "HolidayApiCall" */;
			buildPhases = (
				8650ABA023928B12005FA9ED /* Sources */,
				8650ABA123928B12005FA9ED /* Frameworks */,
				8650ABA223928B12005FA9ED /* Resources */,
			);
			buildRules = (
			);
			dependencies = (
			);
			name = HolidayApiCall;
			productName = HolidayApiCall;
			productReference = 8650ABA423928B12005FA9ED /* HolidayApiCall.app */;
			productType = "com.apple.product-type.application";
		};
/* End PBXNativeTarget section */

/* Begin PBXProject section */
		8650AB9C23928B12005FA9ED /* Project object */ = {
			isa = PBXProject;
			attributes = {
				LastSwiftUpdateCheck = 1120;
				LastUpgradeCheck = 1120;
				ORGANIZATIONNAME = HPC;
				TargetAttributes = {
					8650ABA323928B12005FA9ED = {
						CreatedOnToolsVersion = 11.2.1;
					};
				};
			};
			buildConfigurationList = 8650AB9F23928B12005FA9ED /* Build configuration list for PBXProject "HolidayApiCall" */;
			compatibilityVersion = "Xcode 9.3";
			developmentRegion = en;
			hasScannedForEncodings = 0;
			knownRegions = (
				en,
				Base,
			);
			mainGroup = 8650AB9B23928B12005FA9ED;
			productRefGroup = 8650ABA523928B12005FA9ED /* Products */;
			projectDirPath = "";
			projectRoot = "";
			targets = (
				8650ABA323928B12005FA9ED /* HolidayApiCall */,
			);
		};
/* End PBXProject section */

/* Begin PBXResourcesBuildPhase section */
		8650ABA223928B12005FA9ED /* Resources */ = {
			isa = PBXResourcesBuildPhase;
			buildActionMask = 2147483647;
			files = (
				8650ABB423928B19005FA9ED /* LaunchScreen.storyboard in Resources */,
				8650ABB123928B19005FA9ED /* Assets.xcassets in Resources */,
				8650ABAF23928B12005FA9ED /* Main.storyboard in Resources */,
			);
			runOnlyForDeploymentPostprocessing = 0;
		};
/* End PBXResourcesBuildPhase section */

/* Begin PBXSourcesBuildPhase section */
		8650ABA023928B12005FA9ED /* Sources */ = {
			isa = PBXSourcesBuildPhase;
			buildActionMask = 2147483647;
			files = (
				8650ABAC23928B12005FA9ED /* ViewController.swift in Sources */,
				86CB2BAC23962EB400BDCC04 /* HolidayRequest.swift in Sources */,
				8650ABA823928B12005FA9ED /* AppDelegate.swift in Sources */,
				8622ACCC2394EA47006BA566 /* Holiday.swift in Sources */,
				8650ABAA23928B12005FA9ED /* SceneDelegate.swift in Sources */,
			);
			runOnlyForDeploymentPostprocessing = 0;
		};
/* End PBXSourcesBuildPhase section */

/* Begin PBXVariantGroup section */
		8650ABAD23928B12005FA9ED /* Main.storyboard */ = {
			isa = PBXVariantGroup;
			children = (
				8650ABAE23928B12005FA9ED /* Base */,
			);
			name = Main.storyboard;
			sourceTree = "<group>";
		};
		8650ABB223928B19005FA9ED /* LaunchScreen.storyboard */ = {
			isa = PBXVariantGroup;
			children = (
				8650ABB323928B19005FA9ED /* Base */,
			);
			name = LaunchScreen.storyboard;
			sourceTree = "<group>";
		};
/* End PBXVariantGroup section */

/* Begin XCBuildConfiguration section */
		8650ABB623928B19005FA9ED /* Debug */ = {
			isa = XCBuildConfiguration;
			buildSettings = {
				ALWAYS_SEARCH_USER_PATHS = NO;
				CLANG_ANALYZER_NONNULL = YES;
				CLANG_ANALYZER_NUMBER_OBJECT_CONVERSION = YES_AGGRESSIVE;
				CLANG_CXX_LANGUAGE_STANDARD = "gnu++14";
				CLANG_CXX_LIBRARY = "libc++";
				CLANG_ENABLE_MODULES = YES;
				CLANG_ENABLE_OBJC_ARC = YES;
				CLANG_ENABLE_OBJC_WEAK = YES;
				CLANG_WARN_BLOCK_CAPTURE_AUTORELEASING = YES;
				CLANG_WARN_BOOL_CONVERSION = YES;
				CLANG_WARN_COMMA = YES;
				CLANG_WARN_CONSTANT_CONVERSION = YES;
				CLANG_WARN_DEPRECATED_OBJC_IMPLEMENTATIONS = YES;
				CLANG_WARN_DIRECT_OBJC_ISA_USAGE = YES_ERROR;
				CLANG_WARN_DOCUMENTATION_COMMENTS = YES;
				CLANG_WARN_EMPTY_BODY = YES;
				CLANG_WARN_ENUM_CONVERSION = YES;
				CLANG_WARN_INFINITE_RECURSION = YES;
				CLANG_WARN_INT_CONVERSION = YES;
				CLANG_WARN_NON_LITERAL_NULL_CONVERSION = YES;
				CLANG_WARN_OBJC_IMPLICIT_RETAIN_SELF = YES;
				CLANG_WARN_OBJC_LITERAL_CONVERSION = YES;
				CLANG_WARN_OBJC_ROOT_CLASS = YES_ERROR;
				CLANG_WARN_RANGE_LOOP_ANALYSIS = YES;
				CLANG_WARN_STRICT_PROTOTYPES = YES;
				CLANG_WARN_SUSPICIOUS_MOVE = YES;
				CLANG_WARN_UNGUARDED_AVAILABILITY = YES_AGGRESSIVE;
				CLANG_WARN_UNREACHABLE_CODE = YES;
				CLANG_WARN__DUPLICATE_METHOD_MATCH = YES;
				COPY_PHASE_STRIP = NO;
				DEBUG_INFORMATION_FORMAT = dwarf;
				ENABLE_STRICT_OBJC_MSGSEND = YES;
				ENABLE_TESTABILITY = YES;
				GCC_C_LANGUAGE_STANDARD = gnu11;
				GCC_DYNAMIC_NO_PIC = NO;
				GCC_NO_COMMON_BLOCKS = YES;
				GCC_OPTIMIZATION_LEVEL = 0;
				GCC_PREPROCESSOR_DEFINITIONS = (
					"DEBUG=1",
					"$(inherited)",
				);
				GCC_WARN_64_TO_32_BIT_CONVERSION = YES;
				GCC_WARN_ABOUT_RETURN_TYPE = YES_ERROR;
				GCC_WARN_UNDECLARED_SELECTOR = YES;
				GCC_WARN_UNINITIALIZED_AUTOS = YES_AGGRESSIVE;
				GCC_WARN_UNUSED_FUNCTION = YES;
				GCC_WARN_UNUSED_VARIABLE = YES;
				IPHONEOS_DEPLOYMENT_TARGET = 13.2;
				MTL_ENABLE_DEBUG_INFO = INCLUDE_SOURCE;
				MTL_FAST_MATH = YES;
				ONLY_ACTIVE_ARCH = YES;
				SDKROOT = iphoneos;
				SWIFT_ACTIVE_COMPILATION_CONDITIONS = DEBUG;
				SWIFT_OPTIMIZATION_LEVEL = "-Onone";
			};
			name = Debug;
		};
		8650ABB723928B19005FA9ED /* Release */ = {
			isa = XCBuildConfiguration;
			buildSettings = {
				ALWAYS_SEARCH_USER_PATHS = NO;
				CLANG_ANALYZER_NONNULL = YES;
				CLANG_ANALYZER_NUMBER_OBJECT_CONVERSION = YES_AGGRESSIVE;
				CLANG_CXX_LANGUAGE_STANDARD = "gnu++14";
				CLANG_CXX_LIBRARY = "libc++";
				CLANG_ENABLE_MODULES = YES;
				CLANG_ENABLE_OBJC_ARC = YES;
				CLANG_ENABLE_OBJC_WEAK = YES;
				CLANG_WARN_BLOCK_CAPTURE_AUTORELEASING = YES;
				CLANG_WARN_BOOL_CONVERSION = YES;
				CLANG_WARN_COMMA = YES;
				CLANG_WARN_CONSTANT_CONVERSION = YES;
				CLANG_WARN_DEPRECATED_OBJC_IMPLEMENTATIONS = YES;
				CLANG_WARN_DIRECT_OBJC_ISA_USAGE = YES_ERROR;
				CLANG_WARN_DOCUMENTATION_COMMENTS = YES;
				CLANG_WARN_EMPTY_BODY = YES;
				CLANG_WARN_ENUM_CONVERSION = YES;
				CLANG_WARN_INFINITE_RECURSION = YES;
				CLANG_WARN_INT_CONVERSION = YES;
				CLANG_WARN_NON_LITERAL_NULL_CONVERSION = YES;
				CLANG_WARN_OBJC_IMPLICIT_RETAIN_SELF = YES;
				CLANG_WARN_OBJC_LITERAL_CONVERSION = YES;
				CLANG_WARN_OBJC_ROOT_CLASS = YES_ERROR;
				CLANG_WARN_RANGE_LOOP_ANALYSIS = YES;
				CLANG_WARN_STRICT_PROTOTYPES = YES;
				CLANG_WARN_SUSPICIOUS_MOVE = YES;
				CLANG_WARN_UNGUARDED_AVAILABILITY = YES_AGGRESSIVE;
				CLANG_WARN_UNREACHABLE_CODE = YES;
				CLANG_WARN__DUPLICATE_METHOD_MATCH = YES;
				COPY_PHASE_STRIP = NO;
				DEBUG_INFORMATION_FORMAT = "dwarf-with-dsym";
				ENABLE_NS_ASSERTIONS = NO;
				ENABLE_STRICT_OBJC_MSGSEND = YES;
				GCC_C_LANGUAGE_STANDARD = gnu11;
				GCC_NO_COMMON_BLOCKS = YES;
				GCC_WARN_64_TO_32_BIT_CONVERSION = YES;
				GCC_WARN_ABOUT_RETURN_TYPE = YES_ERROR;
				GCC_WARN_UNDECLARED_SELECTOR = YES;
				GCC_WARN_UNINITIALIZED_AUTOS = YES_AGGRESSIVE;
				GCC_WARN_UNUSED_FUNCTION = YES;
				GCC_WARN_UNUSED_VARIABLE = YES;
				IPHONEOS_DEPLOYMENT_TARGET = 13.2;
				MTL_ENABLE_DEBUG_INFO = NO;
				MTL_FAST_MATH = YES;
				SDKROOT = iphoneos;
				SWIFT_COMPILATION_MODE = wholemodule;
				SWIFT_OPTIMIZATION_LEVEL = "-O";
				VALIDATE_PRODUCT = YES;
			};
			name = Release;
		};
		8650ABB923928B19005FA9ED /* Debug */ = {
			isa = XCBuildConfiguration;
			buildSettings = {
				ASSETCATALOG_COMPILER_APPICON_NAME = AppIcon;
				CODE_SIGN_STYLE = Automatic;
				DEVELOPMENT_TEAM = 3Q4R6U76B4;
				INFOPLIST_FILE = HolidayApiCall/Info.plist;
				LD_RUNPATH_SEARCH_PATHS = (
					"$(inherited)",
					"@executable_path/Frameworks",
				);
				PRODUCT_BUNDLE_IDENTIFIER = com.hpc.holiday.HolidayApiCall;
				PRODUCT_NAME = "$(TARGET_NAME)";
				SWIFT_VERSION = 5.0;
				TARGETED_DEVICE_FAMILY = "1,2";
			};
			name = Debug;
		};
		8650ABBA23928B19005FA9ED /* Release */ = {
			isa = XCBuildConfiguration;
			buildSettings = {
				ASSETCATALOG_COMPILER_APPICON_NAME = AppIcon;
				CODE_SIGN_STYLE = Automatic;
				DEVELOPMENT_TEAM = 3Q4R6U76B4;
				INFOPLIST_FILE = HolidayApiCall/Info.plist;
				LD_RUNPATH_SEARCH_PATHS = (
					"$(inherited)",
					"@executable_path/Frameworks",
				);
				PRODUCT_BUNDLE_IDENTIFIER = com.hpc.holiday.HolidayApiCall;
				PRODUCT_NAME = "$(TARGET_NAME)";
				SWIFT_VERSION = 5.0;
				TARGETED_DEVICE_FAMILY = "1,2";
			};
			name = Release;
		};
/* End XCBuildConfiguration section */

/* Begin XCConfigurationList section */
		8650AB9F23928B12005FA9ED /* Build configuration list for PBXProject "HolidayApiCall" */ = {
			isa = XCConfigurationList;
			buildConfigurations = (
				8650ABB623928B19005FA9ED /* Debug */,
				8650ABB723928B19005FA9ED /* Release */,
			);
			defaultConfigurationIsVisible = 0;
			defaultConfigurationName = Release;
		};
		8650ABB823928B19005FA9ED /* Build configuration list for PBXNativeTarget "HolidayApiCall" */ = {
			isa = XCConfigurationList;
			buildConfigurations = (
				8650ABB923928B19005FA9ED /* Debug */,
				8650ABBA23928B19005FA9ED /* Release */,
			);
			defaultConfigurationIsVisible = 0;
			defaultConfigurationName = Release;
		};
/* End XCConfigurationList section */
	};
	rootObject = 8650AB9C23928B12005FA9ED /* Project object */;
}
